
Microsoft Visual Studio Solution File, Format Version 12.00
# Visual Studio Version 17
VisualStudioVersion = 17.9.34714.143
MinimumVisualStudioVersion = 10.0.40219.1
Project("{9A19103F-16F7-4668-BE54-9A1E7A4F7556}") = "appTest", "appTest.csproj", "{C1FA0B2F-79FE-4367-9734-34B73539D123}"
EndProject
Project("{9A19103F-16F7-4668-BE54-9A1E7A4F7556}") = "appTest.Desktop", "..\appTest.Desktop\appTest.Desktop.csproj", "{1E2FEA4C-C053-41D1-B94A-94123D74005E}"
EndProject
Global
	GlobalSection(SolutionConfigurationPlatforms) = preSolution
		Debug|Any CPU = Debug|Any CPU
		Release|Any CPU = Release|Any CPU
	EndGlobalSection
	GlobalSection(ProjectConfigurationPlatforms) = postSolution
		{C1FA0B2F-79FE-4367-9734-34B73539D123}.Debug|Any CPU.ActiveCfg = Debug|Any CPU
		{C1FA0B2F-79FE-4367-9734-34B73539D123}.Debug|Any CPU.Build.0 = Debug|Any CPU
		{C1FA0B2F-79FE-4367-9734-34B73539D123}.Release|Any CPU.ActiveCfg = Release|Any CPU
		{C1FA0B2F-79FE-4367-9734-34B73539D123}.Release|Any CPU.Build.0 = Release|Any CPU
		{1E2FEA4C-C053-41D1-B94A-94123D74005E}.Debug|Any CPU.ActiveCfg = Debug|Any CPU
		{1E2FEA4C-C053-41D1-B94A-94123D74005E}.Debug|Any CPU.Build.0 = Debug|Any CPU
		{1E2FEA4C-C053-41D1-B94A-94123D74005E}.Release|Any CPU.ActiveCfg = Release|Any CPU
		{1E2FEA4C-C053-41D1-B94A-94123D74005E}.Release|Any CPU.Build.0 = Release|Any CPU
	EndGlobalSection
	GlobalSection(SolutionProperties) = preSolution
		HideSolutionNode = FALSE
	EndGlobalSection
	GlobalSection(ExtensibilityGlobals) = postSolution
		SolutionGuid = {F10098E5-D44A-41BF-9CE6-ED674144CD25}
	EndGlobalSection
EndGlobal
